
Microsoft Visual Studio Solution File, Format Version 11.00
# Visual Basic Express 2010
Project("{F184B08F-C81C-45F6-A57F-5ABD9991F28F}") = "TableGenerator", "TableGenerator.vbproj", "{40EBDC30-2F92-4852-86E8-97B64915BE12}"
EndProject
Global
	GlobalSection(SolutionConfigurationPlatforms) = preSolution
		Debug|x86 = Debug|x86
		Release|x86 = Release|x86
	EndGlobalSection
	GlobalSection(ProjectConfigurationPlatforms) = postSolution
		{40EBDC30-2F92-4852-86E8-97B64915BE12}.Debug|x86.ActiveCfg = Debug|x86
		{40EBDC30-2F92-4852-86E8-97B64915BE12}.Debug|x86.Build.0 = Debug|x86
		{40EBDC30-2F92-4852-86E8-97B64915BE12}.Release|x86.ActiveCfg = Release|x86
		{40EBDC30-2F92-4852-86E8-97B64915BE12}.Release|x86.Build.0 = Release|x86
	EndGlobalSection
	GlobalSection(SolutionProperties) = preSolution
		HideSolutionNode = FALSE
	EndGlobalSection
EndGlobal
